
Microsoft Visual Studio Solution File, Format Version 12.00
# Visual Studio 15
VisualStudioVersion = 15.0.28010.2050
MinimumVisualStudioVersion = 10.0.40219.1
Project("{8BC9CEB8-8B4A-11D0-8D11-00A0C91BC942}") = "FFmpeg1", "FFmpeg1\FFmpeg1.vcxproj", "{9C6FA214-1581-4613-AF45-80B2FD15D289}"
EndProject
Global
	GlobalSection(SolutionConfigurationPlatforms) = preSolution
		Debug|x64 = Debug|x64
		Debug|x86 = Debug|x86
		Release|x64 = Release|x64
		Release|x86 = Release|x86
	EndGlobalSection
	GlobalSection(ProjectConfigurationPlatforms) = postSolution
		{9C6FA214-1581-4613-AF45-80B2FD15D289}.Debug|x64.ActiveCfg = Debug|x64
		{9C6FA214-1581-4613-AF45-80B2FD15D289}.Debug|x64.Build.0 = Debug|x64
		{9C6FA214-1581-4613-AF45-80B2FD15D289}.Debug|x86.ActiveCfg = Debug|Win32
		{9C6FA214-1581-4613-AF45-80B2FD15D289}.Debug|x86.Build.0 = Debug|Win32
		{9C6FA214-1581-4613-AF45-80B2FD15D289}.Release|x64.ActiveCfg = Release|x64
		{9C6FA214-1581-4613-AF45-80B2FD15D289}.Release|x64.Build.0 = Release|x64
		{9C6FA214-1581-4613-AF45-80B2FD15D289}.Release|x86.ActiveCfg = Release|Win32
		{9C6FA214-1581-4613-AF45-80B2FD15D289}.Release|x86.Build.0 = Release|Win32
	EndGlobalSection
	GlobalSection(SolutionProperties) = preSolution
		HideSolutionNode = FALSE
	EndGlobalSection
	GlobalSection(ExtensibilityGlobals) = postSolution
		SolutionGuid = {9BC5417E-553B-4047-9120-BF260B42145F}
	EndGlobalSection
EndGlobal
